
Microsoft Visual Studio Solution File, Format Version 12.00
# Visual Studio 15
VisualStudioVersion = 15.0.28307.168
MinimumVisualStudioVersion = 10.0.40219.1
Project("{FAE04EC0-301F-11D3-BF4B-00C04F79EFBC}") = "AbionDotNet", "AbionDotNet\AbionDotNet.csproj", "{665943C5-D0A6-497C-992D-4B16A99A72EB}"
EndProject
Global
	GlobalSection(SolutionConfigurationPlatforms) = preSolution
		Debug|Any CPU = Debug|Any CPU
		Release|Any CPU = Release|Any CPU
	EndGlobalSection
	GlobalSection(ProjectConfigurationPlatforms) = postSolution
		{665943C5-D0A6-497C-992D-4B16A99A72EB}.Debug|Any CPU.ActiveCfg = Debug|Any CPU
		{665943C5-D0A6-497C-992D-4B16A99A72EB}.Debug|Any CPU.Build.0 = Debug|Any CPU
		{665943C5-D0A6-497C-992D-4B16A99A72EB}.Release|Any CPU.ActiveCfg = Release|Any CPU
		{665943C5-D0A6-497C-992D-4B16A99A72EB}.Release|Any CPU.Build.0 = Release|Any CPU
	EndGlobalSection
	GlobalSection(SolutionProperties) = preSolution
		HideSolutionNode = FALSE
	EndGlobalSection
	GlobalSection(ExtensibilityGlobals) = postSolution
		SolutionGuid = {90E9B778-28DA-4B1D-B6E6-2C0174603FC6}
	EndGlobalSection
EndGlobal
